
Microsoft Visual Studio Solution File, Format Version 12.00
# Visual Studio Version 17
VisualStudioVersion = 17.1.32421.90
MinimumVisualStudioVersion = 10.0.40219.1
Project("{FAE04EC0-301F-11D3-BF4B-00C04F79EFBC}") = "TradeBot_demo", "TradeBot_demo\TradeBot_demo.csproj", "{6FBC24EC-063A-46AA-BD5C-6D8B3067B1FC}"
EndProject
Global
	GlobalSection(SolutionConfigurationPlatforms) = preSolution
		Debug|Any CPU = Debug|Any CPU
		Release|Any CPU = Release|Any CPU
	EndGlobalSection
	GlobalSection(ProjectConfigurationPlatforms) = postSolution
		{6FBC24EC-063A-46AA-BD5C-6D8B3067B1FC}.Debug|Any CPU.ActiveCfg = Debug|Any CPU
		{6FBC24EC-063A-46AA-BD5C-6D8B3067B1FC}.Debug|Any CPU.Build.0 = Debug|Any CPU
		{6FBC24EC-063A-46AA-BD5C-6D8B3067B1FC}.Release|Any CPU.ActiveCfg = Release|Any CPU
		{6FBC24EC-063A-46AA-BD5C-6D8B3067B1FC}.Release|Any CPU.Build.0 = Release|Any CPU
	EndGlobalSection
	GlobalSection(SolutionProperties) = preSolution
		HideSolutionNode = FALSE
	EndGlobalSection
	GlobalSection(ExtensibilityGlobals) = postSolution
		SolutionGuid = {2B3FFEF6-606F-4C15-9667-18437A03ABE4}
	EndGlobalSection
EndGlobal
